// !$*UTF8*$!
{
	archiveVersion = 1;
	classes = {
	};
	objectVersion = 50;
	objects = {

/* Begin PBXBuildFile section */
		340C54342267886D00884334 /* WebViewController.swift in Sources */ = {isa = PBXBuildFile; fileRef = 340C54332267886D00884334 /* WebViewController.swift */; };
		340C543622678C6D00884334 /* ProgressIndicator.swift in Sources */ = {isa = PBXBuildFile; fileRef = 340C543522678C6D00884334 /* ProgressIndicator.swift */; };
		340C543822678CCA00884334 /* AlertDisplay.swift in Sources */ = {isa = PBXBuildFile; fileRef = 340C543722678CCA00884334 /* AlertDisplay.swift */; };
		340C543A226790BA00884334 /* WebKit.framework in Frameworks */ = {isa = PBXBuildFile; fileRef = 340C5439226790B900884334 /* WebKit.framework */; };
		342B9E2C2264C81F00C43FC6 /* AppDelegate.swift in Sources */ = {isa = PBXBuildFile; fileRef = 342B9E2B2264C81F00C43FC6 /* AppDelegate.swift */; };
		342B9E2E2264C81F00C43FC6 /* ViewController.swift in Sources */ = {isa = PBXBuildFile; fileRef = 342B9E2D2264C81F00C43FC6 /* ViewController.swift */; };
		342B9E312264C81F00C43FC6 /* Main.storyboard in Resources */ = {isa = PBXBuildFile; fileRef = 342B9E2F2264C81F00C43FC6 /* Main.storyboard */; };
		342B9E332264C82200C43FC6 /* Assets.xcassets in Resources */ = {isa = PBXBuildFile; fileRef = 342B9E322264C82200C43FC6 /* Assets.xcassets */; };
		342B9E362264C82200C43FC6 /* LaunchScreen.storyboard in Resources */ = {isa = PBXBuildFile; fileRef = 342B9E342264C82200C43FC6 /* LaunchScreen.storyboard */; };
		342B9E432264D2A000C43FC6 /* NewsTableViewCell.swift in Sources */ = {isa = PBXBuildFile; fileRef = 342B9E412264D2A000C43FC6 /* NewsTableViewCell.swift */; };
		342B9E442264D2A000C43FC6 /* NewsTableViewCell.xib in Resources */ = {isa = PBXBuildFile; fileRef = 342B9E422264D2A000C43FC6 /* NewsTableViewCell.xib */; };
		342B9E462264DECB00C43FC6 /* NewsObject.swift in Sources */ = {isa = PBXBuildFile; fileRef = 342B9E452264DECB00C43FC6 /* NewsObject.swift */; };
		342B9E4B2264E00C00C43FC6 /* Networking.swift in Sources */ = {isa = PBXBuildFile; fileRef = 342B9E4A2264E00C00C43FC6 /* Networking.swift */; };
		EF5D2589D61EF2C173DB818F /* Pods_NewsNLP.framework in Frameworks */ = {isa = PBXBuildFile; fileRef = 6017E143619105248B51CFF3 /* Pods_NewsNLP.framework */; };
/* End PBXBuildFile section */

/* Begin PBXFileReference section */
		1B2E2D819E8B415E53AAF7DF /* Pods-NewsNLP.release.xcconfig */ = {isa = PBXFileReference; includeInIndex = 1; lastKnownFileType = text.xcconfig; name = "Pods-NewsNLP.release.xcconfig"; path = "Pods/Target Support Files/Pods-NewsNLP/Pods-NewsNLP.release.xcconfig"; sourceTree = "<group>"; };
		340C54332267886D00884334 /* WebViewController.swift */ = {isa = PBXFileReference; lastKnownFileType = sourcecode.swift; path = WebViewController.swift; sourceTree = "<group>"; };
		340C543522678C6D00884334 /* ProgressIndicator.swift */ = {isa = PBXFileReference; lastKnownFileType = sourcecode.swift; path = ProgressIndicator.swift; sourceTree = "<group>"; };
		340C543722678CCA00884334 /* AlertDisplay.swift */ = {isa = PBXFileReference; lastKnownFileType = sourcecode.swift; path = AlertDisplay.swift; sourceTree = "<group>"; };
		340C5439226790B900884334 /* WebKit.framework */ = {isa = PBXFileReference; lastKnownFileType = wrapper.framework; name = WebKit.framework; path = System/Library/Frameworks/WebKit.framework; sourceTree = SDKROOT; };
		342B9E282264C81F00C43FC6 /* NewsNLP.app */ = {isa = PBXFileReference; explicitFileType = wrapper.application; includeInIndex = 0; path = NewsNLP.app; sourceTree = BUILT_PRODUCTS_DIR; };
		342B9E2B2264C81F00C43FC6 /* AppDelegate.swift */ = {isa = PBXFileReference; lastKnownFileType = sourcecode.swift; path = AppDelegate.swift; sourceTree = "<group>"; };
		342B9E2D2264C81F00C43FC6 /* ViewController.swift */ = {isa = PBXFileReference; lastKnownFileType = sourcecode.swift; path = ViewController.swift; sourceTree = "<group>"; };
		342B9E302264C81F00C43FC6 /* Base */ = {isa = PBXFileReference; lastKnownFileType = file.storyboard; name = Base; path = Base.lproj/Main.storyboard; sourceTree = "<group>"; };
		342B9E322264C82200C43FC6 /* Assets.xcassets */ = {isa = PBXFileReference; lastKnownFileType = folder.assetcatalog; path = Assets.xcassets; sourceTree = "<group>"; };
		342B9E352264C82200C43FC6 /* Base */ = {isa = PBXFileReference; lastKnownFileType = file.storyboard; name = Base; path = Base.lproj/LaunchScreen.storyboard; sourceTree = "<group>"; };
		342B9E372264C82200C43FC6 /* Info.plist */ = {isa = PBXFileReference; lastKnownFileType = text.plist.xml; path = Info.plist; sourceTree = "<group>"; };
		342B9E412264D2A000C43FC6 /* NewsTableViewCell.swift */ = {isa = PBXFileReference; lastKnownFileType = sourcecode.swift; path = NewsTableViewCell.swift; sourceTree = "<group>"; };
		342B9E422264D2A000C43FC6 /* NewsTableViewCell.xib */ = {isa = PBXFileReference; lastKnownFileType = file.xib; path = NewsTableViewCell.xib; sourceTree = "<group>"; };
		342B9E452264DECB00C43FC6 /* NewsObject.swift */ = {isa = PBXFileReference; lastKnownFileType = sourcecode.swift; path = NewsObject.swift; sourceTree = "<group>"; };
		342B9E4A2264E00C00C43FC6 /* Networking.swift */ = {isa = PBXFileReference; lastKnownFileType = sourcecode.swift; path = Networking.swift; sourceTree = "<group>"; };
		6017E143619105248B51CFF3 /* Pods_NewsNLP.framework */ = {isa = PBXFileReference; explicitFileType = wrapper.framework; includeInIndex = 0; path = Pods_NewsNLP.framework; sourceTree = BUILT_PRODUCTS_DIR; };
		69F035EA620A095CA4C24486 /* Pods-NewsNLP.debug.xcconfig */ = {isa = PBXFileReference; includeInIndex = 1; lastKnownFileType = text.xcconfig; name = "Pods-NewsNLP.debug.xcconfig"; path = "Pods/Target Support Files/Pods-NewsNLP/Pods-NewsNLP.debug.xcconfig"; sourceTree = "<group>"; };
/* End PBXFileReference section */

/* Begin PBXFrameworksBuildPhase section */
		342B9E252264C81F00C43FC6 /* Frameworks */ = {
			isa = PBXFrameworksBuildPhase;
			buildActionMask = 2147483647;
			files = (
				340C543A226790BA00884334 /* WebKit.framework in Frameworks */,
				EF5D2589D61EF2C173DB818F /* Pods_NewsNLP.framework in Frameworks */,
			);
			runOnlyForDeploymentPostprocessing = 0;
		};
/* End PBXFrameworksBuildPhase section */

/* Begin PBXGroup section */
		24E421108C6CDBA19471DC8C /* Pods */ = {
			isa = PBXGroup;
			children = (
				69F035EA620A095CA4C24486 /* Pods-NewsNLP.debug.xcconfig */,
				1B2E2D819E8B415E53AAF7DF /* Pods-NewsNLP.release.xcconfig */,
			);
			name = Pods;
			sourceTree = "<group>";
		};
		342B9E1F2264C81F00C43FC6 = {
			isa = PBXGroup;
			children = (
				342B9E2A2264C81F00C43FC6 /* NewsNLP */,
				342B9E292264C81F00C43FC6 /* Products */,
				24E421108C6CDBA19471DC8C /* Pods */,
				EC10043E67DA1FD69B2156FB /* Frameworks */,
			);
			sourceTree = "<group>";
		};
		342B9E292264C81F00C43FC6 /* Products */ = {
			isa = PBXGroup;
			children = (
				342B9E282264C81F00C43FC6 /* NewsNLP.app */,
			);
			name = Products;
			sourceTree = "<group>";
		};
		342B9E2A2264C81F00C43FC6 /* NewsNLP */ = {
			isa = PBXGroup;
			children = (
				342B9E472264DFE600C43FC6 /* networking */,
				342B9E3E2264D26500C43FC6 /* model */,
				342B9E3D2264D25B00C43FC6 /* view */,
				342B9E2B2264C81F00C43FC6 /* AppDelegate.swift */,
				342B9E2D2264C81F00C43FC6 /* ViewController.swift */,
				342B9E2F2264C81F00C43FC6 /* Main.storyboard */,
				342B9E322264C82200C43FC6 /* Assets.xcassets */,
				342B9E342264C82200C43FC6 /* LaunchScreen.storyboard */,
				342B9E372264C82200C43FC6 /* Info.plist */,
				340C54332267886D00884334 /* WebViewController.swift */,
				340C543522678C6D00884334 /* ProgressIndicator.swift */,
				340C543722678CCA00884334 /* AlertDisplay.swift */,
			);
			path = NewsNLP;
			sourceTree = "<group>";
		};
		342B9E3D2264D25B00C43FC6 /* view */ = {
			isa = PBXGroup;
			children = (
				342B9E412264D2A000C43FC6 /* NewsTableViewCell.swift */,
				342B9E422264D2A000C43FC6 /* NewsTableViewCell.xib */,
			);
			path = view;
			sourceTree = "<group>";
		};
		342B9E3E2264D26500C43FC6 /* model */ = {
			isa = PBXGroup;
			children = (
				342B9E452264DECB00C43FC6 /* NewsObject.swift */,
			);
			path = model;
			sourceTree = "<group>";
		};
		342B9E472264DFE600C43FC6 /* networking */ = {
			isa = PBXGroup;
			children = (
				342B9E4A2264E00C00C43FC6 /* Networking.swift */,
			);
			path = networking;
			sourceTree = "<group>";
		};
		EC10043E67DA1FD69B2156FB /* Frameworks */ = {
			isa = PBXGroup;
			children = (
				340C5439226790B900884334 /* WebKit.framework */,
				6017E143619105248B51CFF3 /* Pods_NewsNLP.framework */,
			);
			name = Frameworks;
			sourceTree = "<group>";
		};
/* End PBXGroup section */

/* Begin PBXNativeTarget section */
		342B9E272264C81F00C43FC6 /* NewsNLP */ = {
			isa = PBXNativeTarget;
			buildConfigurationList = 342B9E3A2264C82200C43FC6 /* Build configuration list for PBXNativeTarget "NewsNLP" */;
			buildPhases = (
				8370749516E930EE67F6AA14 /* [CP] Check Pods Manifest.lock */,
				342B9E242264C81F00C43FC6 /* Sources */,
				342B9E252264C81F00C43FC6 /* Frameworks */,
				342B9E262264C81F00C43FC6 /* Resources */,
				C4CFC9254E583EC780D5C114 /* [CP] Embed Pods Frameworks */,
			);
			buildRules = (
			);
			dependencies = (
			);
			name = NewsNLP;
			productName = NewsNLP;
			productReference = 342B9E282264C81F00C43FC6 /* NewsNLP.app */;
			productType = "com.apple.product-type.application";
		};
/* End PBXNativeTarget section */

/* Begin PBXProject section */
		342B9E202264C81F00C43FC6 /* Project object */ = {
			isa = PBXProject;
			attributes = {
				LastSwiftUpdateCheck = 1020;
				LastUpgradeCheck = 1020;
				ORGANIZATIONNAME = Demistry;
				TargetAttributes = {
					342B9E272264C81F00C43FC6 = {
						CreatedOnToolsVersion = 10.2;
					};
				};
			};
			buildConfigurationList = 342B9E232264C81F00C43FC6 /* Build configuration list for PBXProject "NewsNLP" */;
			compatibilityVersion = "Xcode 9.3";
			developmentRegion = en;
			hasScannedForEncodings = 0;
			knownRegions = (
				en,
				Base,
			);
			mainGroup = 342B9E1F2264C81F00C43FC6;
			productRefGroup = 342B9E292264C81F00C43FC6 /* Products */;
			projectDirPath = "";
			projectRoot = "";
			targets = (
				342B9E272264C81F00C43FC6 /* NewsNLP */,
			);
		};
/* End PBXProject section */

/* Begin PBXResourcesBuildPhase section */
		342B9E262264C81F00C43FC6 /* Resources */ = {
			isa = PBXResourcesBuildPhase;
			buildActionMask = 2147483647;
			files = (
				342B9E362264C82200C43FC6 /* LaunchScreen.storyboard in Resources */,
				342B9E332264C82200C43FC6 /* Assets.xcassets in Resources */,
				342B9E442264D2A000C43FC6 /* NewsTableViewCell.xib in Resources */,
				342B9E312264C81F00C43FC6 /* Main.storyboard in Resources */,
			);
			runOnlyForDeploymentPostprocessing = 0;
		};
/* End PBXResourcesBuildPhase section */

/* Begin PBXShellScriptBuildPhase section */
		8370749516E930EE67F6AA14 /* [CP] Check Pods Manifest.lock */ = {
			isa = PBXShellScriptBuildPhase;
			buildActionMask = 2147483647;
			files = (
			);
			inputFileListPaths = (
			);
			inputPaths = (
				"${PODS_PODFILE_DIR_PATH}/Podfile.lock",
				"${PODS_ROOT}/Manifest.lock",
			);
			name = "[CP] Check Pods Manifest.lock";
			outputFileListPaths = (
			);
			outputPaths = (
				"$(DERIVED_FILE_DIR)/Pods-NewsNLP-checkManifestLockResult.txt",
			);
			runOnlyForDeploymentPostprocessing = 0;
			shellPath = /bin/sh;
			shellScript = "diff \"${PODS_PODFILE_DIR_PATH}/Podfile.lock\" \"${PODS_ROOT}/Manifest.lock\" > /dev/null\nif [ $? != 0 ] ; then\n    # print error to STDERR\n    echo \"error: The sandbox is not in sync with the Podfile.lock. Run 'pod install' or update your CocoaPods installation.\" >&2\n    exit 1\nfi\n# This output is used by Xcode 'outputs' to avoid re-running this script phase.\necho \"SUCCESS\" > \"${SCRIPT_OUTPUT_FILE_0}\"\n";
			showEnvVarsInLog = 0;
		};
		C4CFC9254E583EC780D5C114 /* [CP] Embed Pods Frameworks */ = {
			isa = PBXShellScriptBuildPhase;
			buildActionMask = 2147483647;
			files = (
			);
			inputFileListPaths = (
			);
			inputPaths = (
				"${SRCROOT}/Pods/Target Support Files/Pods-NewsNLP/Pods-NewsNLP-frameworks.sh",
				"${BUILT_PRODUCTS_DIR}/JGProgressHUD/JGProgressHUD.framework",
				"${BUILT_PRODUCTS_DIR}/PINCache/PINCache.framework",
				"${BUILT_PRODUCTS_DIR}/PINOperation/PINOperation.framework",
				"${BUILT_PRODUCTS_DIR}/PINRemoteImage/PINRemoteImage.framework",
				"${BUILT_PRODUCTS_DIR}/SwiftyJSON/SwiftyJSON.framework",
			);
			name = "[CP] Embed Pods Frameworks";
			outputFileListPaths = (
			);
			outputPaths = (
				"${TARGET_BUILD_DIR}/${FRAMEWORKS_FOLDER_PATH}/JGProgressHUD.framework",
				"${TARGET_BUILD_DIR}/${FRAMEWORKS_FOLDER_PATH}/PINCache.framework",
				"${TARGET_BUILD_DIR}/${FRAMEWORKS_FOLDER_PATH}/PINOperation.framework",
				"${TARGET_BUILD_DIR}/${FRAMEWORKS_FOLDER_PATH}/PINRemoteImage.framework",
				"${TARGET_BUILD_DIR}/${FRAMEWORKS_FOLDER_PATH}/SwiftyJSON.framework",
			);
			runOnlyForDeploymentPostprocessing = 0;
			shellPath = /bin/sh;
			shellScript = "\"${SRCROOT}/Pods/Target Support Files/Pods-NewsNLP/Pods-NewsNLP-frameworks.sh\"\n";
			showEnvVarsInLog = 0;
		};
/* End PBXShellScriptBuildPhase section */

/* Begin PBXSourcesBuildPhase section */
		342B9E242264C81F00C43FC6 /* Sources */ = {
			isa = PBXSourcesBuildPhase;
			buildActionMask = 2147483647;
			files = (
				340C543622678C6D00884334 /* ProgressIndicator.swift in Sources */,
				342B9E2E2264C81F00C43FC6 /* ViewController.swift in Sources */,
				340C54342267886D00884334 /* WebViewController.swift in Sources */,
				340C543822678CCA00884334 /* AlertDisplay.swift in Sources */,
				342B9E4B2264E00C00C43FC6 /* Networking.swift in Sources */,
				342B9E2C2264C81F00C43FC6 /* AppDelegate.swift in Sources */,
				342B9E432264D2A000C43FC6 /* NewsTableViewCell.swift in Sources */,
				342B9E462264DECB00C43FC6 /* NewsObject.swift in Sources */,
			);
			runOnlyForDeploymentPostprocessing = 0;
		};
/* End PBXSourcesBuildPhase section */

/* Begin PBXVariantGroup section */
		342B9E2F2264C81F00C43FC6 /* Main.storyboard */ = {
			isa = PBXVariantGroup;
			children = (
				342B9E302264C81F00C43FC6 /* Base */,
			);
			name = Main.storyboard;
			sourceTree = "<group>";
		};
		342B9E342264C82200C43FC6 /* LaunchScreen.storyboard */ = {
			isa = PBXVariantGroup;
			children = (
				342B9E352264C82200C43FC6 /* Base */,
			);
			name = LaunchScreen.storyboard;
			sourceTree = "<group>";
		};
/* End PBXVariantGroup section */

/* Begin XCBuildConfiguration section */
		342B9E382264C82200C43FC6 /* Debug */ = {
			isa = XCBuildConfiguration;
			buildSettings = {
				ALWAYS_SEARCH_USER_PATHS = NO;
				CLANG_ANALYZER_NONNULL = YES;
				CLANG_ANALYZER_NUMBER_OBJECT_CONVERSION = YES_AGGRESSIVE;
				CLANG_CXX_LANGUAGE_STANDARD = "gnu++14";
				CLANG_CXX_LIBRARY = "libc++";
				CLANG_ENABLE_MODULES = YES;
				CLANG_ENABLE_OBJC_ARC = YES;
				CLANG_ENABLE_OBJC_WEAK = YES;
				CLANG_WARN_BLOCK_CAPTURE_AUTORELEASING = YES;
				CLANG_WARN_BOOL_CONVERSION = YES;
				CLANG_WARN_COMMA = YES;
				CLANG_WARN_CONSTANT_CONVERSION = YES;
				CLANG_WARN_DEPRECATED_OBJC_IMPLEMENTATIONS = YES;
				CLANG_WARN_DIRECT_OBJC_ISA_USAGE = YES_ERROR;
				CLANG_WARN_DOCUMENTATION_COMMENTS = YES;
				CLANG_WARN_EMPTY_BODY = YES;
				CLANG_WARN_ENUM_CONVERSION = YES;
				CLANG_WARN_INFINITE_RECURSION = YES;
				CLANG_WARN_INT_CONVERSION = YES;
				CLANG_WARN_NON_LITERAL_NULL_CONVERSION = YES;
				CLANG_WARN_OBJC_IMPLICIT_RETAIN_SELF = YES;
				CLANG_WARN_OBJC_LITERAL_CONVERSION = YES;
				CLANG_WARN_OBJC_ROOT_CLASS = YES_ERROR;
				CLANG_WARN_RANGE_LOOP_ANALYSIS = YES;
				CLANG_WARN_STRICT_PROTOTYPES = YES;
				CLANG_WARN_SUSPICIOUS_MOVE = YES;
				CLANG_WARN_UNGUARDED_AVAILABILITY = YES_AGGRESSIVE;
				CLANG_WARN_UNREACHABLE_CODE = YES;
				CLANG_WARN__DUPLICATE_METHOD_MATCH = YES;
				CODE_SIGN_IDENTITY = "iPhone Developer";
				COPY_PHASE_STRIP = NO;
				DEBUG_INFORMATION_FORMAT = dwarf;
				ENABLE_STRICT_OBJC_MSGSEND = YES;
				ENABLE_TESTABILITY = YES;
				GCC_C_LANGUAGE_STANDARD = gnu11;
				GCC_DYNAMIC_NO_PIC = NO;
				GCC_NO_COMMON_BLOCKS = YES;
				GCC_OPTIMIZATION_LEVEL = 0;
				GCC_PREPROCESSOR_DEFINITIONS = (
					"DEBUG=1",
					"$(inherited)",
				);
				GCC_WARN_64_TO_32_BIT_CONVERSION = YES;
				GCC_WARN_ABOUT_RETURN_TYPE = YES_ERROR;
				GCC_WARN_UNDECLARED_SELECTOR = YES;
				GCC_WARN_UNINITIALIZED_AUTOS = YES_AGGRESSIVE;
				GCC_WARN_UNUSED_FUNCTION = YES;
				GCC_WARN_UNUSED_VARIABLE = YES;
				IPHONEOS_DEPLOYMENT_TARGET = 12.2;
				MTL_ENABLE_DEBUG_INFO = INCLUDE_SOURCE;
				MTL_FAST_MATH = YES;
				ONLY_ACTIVE_ARCH = YES;
				SDKROOT = iphoneos;
				SWIFT_ACTIVE_COMPILATION_CONDITIONS = DEBUG;
				SWIFT_OPTIMIZATION_LEVEL = "-Onone";
			};
			name = Debug;
		};
		342B9E392264C82200C43FC6 /* Release */ = {
			isa = XCBuildConfiguration;
			buildSettings = {
				ALWAYS_SEARCH_USER_PATHS = NO;
				CLANG_ANALYZER_NONNULL = YES;
				CLANG_ANALYZER_NUMBER_OBJECT_CONVERSION = YES_AGGRESSIVE;
				CLANG_CXX_LANGUAGE_STANDARD = "gnu++14";
				CLANG_CXX_LIBRARY = "libc++";
				CLANG_ENABLE_MODULES = YES;
				CLANG_ENABLE_OBJC_ARC = YES;
				CLANG_ENABLE_OBJC_WEAK = YES;
				CLANG_WARN_BLOCK_CAPTURE_AUTORELEASING = YES;
				CLANG_WARN_BOOL_CONVERSION = YES;
				CLANG_WARN_COMMA = YES;
				CLANG_WARN_CONSTANT_CONVERSION = YES;
				CLANG_WARN_DEPRECATED_OBJC_IMPLEMENTATIONS = YES;
				CLANG_WARN_DIRECT_OBJC_ISA_USAGE = YES_ERROR;
				CLANG_WARN_DOCUMENTATION_COMMENTS = YES;
				CLANG_WARN_EMPTY_BODY = YES;
				CLANG_WARN_ENUM_CONVERSION = YES;
				CLANG_WARN_INFINITE_RECURSION = YES;
				CLANG_WARN_INT_CONVERSION = YES;
				CLANG_WARN_NON_LITERAL_NULL_CONVERSION = YES;
				CLANG_WARN_OBJC_IMPLICIT_RETAIN_SELF = YES;
				CLANG_WARN_OBJC_LITERAL_CONVERSION = YES;
				CLANG_WARN_OBJC_ROOT_CLASS = YES_ERROR;
				CLANG_WARN_RANGE_LOOP_ANALYSIS = YES;
				CLANG_WARN_STRICT_PROTOTYPES = YES;
				CLANG_WARN_SUSPICIOUS_MOVE = YES;
				CLANG_WARN_UNGUARDED_AVAILABILITY = YES_AGGRESSIVE;
				CLANG_WARN_UNREACHABLE_CODE = YES;
				CLANG_WARN__DUPLICATE_METHOD_MATCH = YES;
				CODE_SIGN_IDENTITY = "iPhone Developer";
				COPY_PHASE_STRIP = NO;
				DEBUG_INFORMATION_FORMAT = "dwarf-with-dsym";
				ENABLE_NS_ASSERTIONS = NO;
				ENABLE_STRICT_OBJC_MSGSEND = YES;
				GCC_C_LANGUAGE_STANDARD = gnu11;
				GCC_NO_COMMON_BLOCKS = YES;
				GCC_WARN_64_TO_32_BIT_CONVERSION = YES;
				GCC_WARN_ABOUT_RETURN_TYPE = YES_ERROR;
				GCC_WARN_UNDECLARED_SELECTOR = YES;
				GCC_WARN_UNINITIALIZED_AUTOS = YES_AGGRESSIVE;
				GCC_WARN_UNUSED_FUNCTION = YES;
				GCC_WARN_UNUSED_VARIABLE = YES;
				IPHONEOS_DEPLOYMENT_TARGET = 12.2;
				MTL_ENABLE_DEBUG_INFO = NO;
				MTL_FAST_MATH = YES;
				SDKROOT = iphoneos;
				SWIFT_COMPILATION_MODE = wholemodule;
				SWIFT_OPTIMIZATION_LEVEL = "-O";
				VALIDATE_PRODUCT = YES;
			};
			name = Release;
		};
		342B9E3B2264C82200C43FC6 /* Debug */ = {
			isa = XCBuildConfiguration;
			baseConfigurationReference = 69F035EA620A095CA4C24486 /* Pods-NewsNLP.debug.xcconfig */;
			buildSettings = {
				ASSETCATALOG_COMPILER_APPICON_NAME = AppIcon;
				CODE_SIGN_STYLE = Automatic;
				DEVELOPMENT_TEAM = A8SA62ZA26;
				INFOPLIST_FILE = NewsNLP/Info.plist;
				IPHONEOS_DEPLOYMENT_TARGET = 11.0;
				LD_RUNPATH_SEARCH_PATHS = (
					"$(inherited)",
					"@executable_path/Frameworks",
				);
				PRODUCT_BUNDLE_IDENTIFIER = com.demistry.NewsNLP;
				PRODUCT_NAME = "$(TARGET_NAME)";
				SWIFT_VERSION = 5.0;
				TARGETED_DEVICE_FAMILY = "1,2";
			};
			name = Debug;
		};
		342B9E3C2264C82200C43FC6 /* Release */ = {
			isa = XCBuildConfiguration;
			baseConfigurationReference = 1B2E2D819E8B415E53AAF7DF /* Pods-NewsNLP.release.xcconfig */;
			buildSettings = {
				ASSETCATALOG_COMPILER_APPICON_NAME = AppIcon;
				CODE_SIGN_STYLE = Automatic;
				DEVELOPMENT_TEAM = A8SA62ZA26;
				INFOPLIST_FILE = NewsNLP/Info.plist;
				IPHONEOS_DEPLOYMENT_TARGET = 11.0;
				LD_RUNPATH_SEARCH_PATHS = (
					"$(inherited)",
					"@executable_path/Frameworks",
				);
				PRODUCT_BUNDLE_IDENTIFIER = com.demistry.NewsNLP;
				PRODUCT_NAME = "$(TARGET_NAME)";
				SWIFT_VERSION = 5.0;
				TARGETED_DEVICE_FAMILY = "1,2";
			};
			name = Release;
		};
/* End XCBuildConfiguration section */

/* Begin XCConfigurationList section */
		342B9E232264C81F00C43FC6 /* Build configuration list for PBXProject "NewsNLP" */ = {
			isa = XCConfigurationList;
			buildConfigurations = (
				342B9E382264C82200C43FC6 /* Debug */,
				342B9E392264C82200C43FC6 /* Release */,
			);
			defaultConfigurationIsVisible = 0;
			defaultConfigurationName = Release;
		};
		342B9E3A2264C82200C43FC6 /* Build configuration list for PBXNativeTarget "NewsNLP" */ = {
			isa = XCConfigurationList;
			buildConfigurations = (
				342B9E3B2264C82200C43FC6 /* Debug */,
				342B9E3C2264C82200C43FC6 /* Release */,
			);
			defaultConfigurationIsVisible = 0;
			defaultConfigurationName = Release;
		};
/* End XCConfigurationList section */
	};
	rootObject = 342B9E202264C81F00C43FC6 /* Project object */;
}
